# This file is @generated by PDM.
# It is not intended for manual editing.

[metadata]
groups = ["default", "build", "lint", "test"]
strategy = ["inherit_metadata"]
lock_version = "4.5.0"
content_hash = "sha256:aa8731ea981ed6883f7863dd41759ff250b8f136de4263acbfd2661d09f7a3b3"

[[metadata.targets]]
requires_python = ">=3.14,<3.15"

[[package]]
name = "altgraph"
version = "0.17.5"
summary = "Python graph (network) package"
groups = ["build"]
files = [
    {file = "altgraph-0.17.5-py2.py3-none-any.whl", hash = "sha256:f3a22400bce1b0c701683820ac4f3b159cd301acab067c51c653e06961600597"},
    {file = "altgraph-0.17.5.tar.gz", hash = "sha256:c87b395dd12fabde9c99573a9749d67da8d29ef9de0125c7f536699b4a9bc9e7"},
]

[[package]]
name = "annotated-doc"
version = "0.0.4"
requires_python = ">=3.8"
summary = "Document parameters, class attributes, return types, and variables inline, with Annotated."
groups = ["default"]
files = [
    {file = "annotated_doc-0.0.4-py3-none-any.whl", hash = "sha256:571ac1dc6991c450b25a9c2d84a3705e2ae7a53467b5d111c24fa8baabbed320"},
    {file = "annotated_doc-0.0.4.tar.gz", hash = "sha256:fbcda96e87e9c92ad167c2e53839e57503ecfda18804ea28102353485033faa4"},
]

[[package]]
name = "annotated-types"
version = "0.7.0"
requires_python = ">=3.8"
summary = "Reusable constraint types to use with typing.Annotated"
groups = ["default"]
dependencies = [
    "typing-extensions>=4.0.0; python_version < \"3.9\"",
]
files = [
    {file = "annotated_types-0.7.0-py3-none-any.whl", hash = "sha256:1f02e8b43a8fbbc3f3e0d4f0f4bfc8131bcb4eebe8849b8e5c773f3a1c582a53"},
    {file = "annotated_types-0.7.0.tar.gz", hash = "sha256:aff07c09a53a08bc8cfccb9c85b05f1aa9a2a6f23728d790723543408344ce89"},
]

[[package]]
name = "certifi"
version = "2026.1.4"
requires_python = ">=3.7"
summary = "Python package for providing Mozilla's CA Bundle."
groups = ["default"]
files = [
    {file = "certifi-2026.1.4-py3-none-any.whl", hash = "sha256:9943707519e4add1115f44c2bc244f782c0249876bf51b6599fee1ffbedd685c"},
    {file = "certifi-2026.1.4.tar.gz", hash = "sha256:ac726dd470482006e014ad384921ed6438c457018f4b3d204aea4281258b2120"},
]

[[package]]
name = "click"
version = "8.3.1"
requires_python = ">=3.10"
summary = "Composable command line interface toolkit"
groups = ["default"]
dependencies = [
    "colorama; platform_system == \"Windows\"",
]
files = [
    {file = "click-8.3.1-py3-none-any.whl", hash = "sha256:981153a64e25f12d547d3426c367a4857371575ee7ad18df2a6183ab0545b2a6"},
    {file = "click-8.3.1.tar.gz", hash = "sha256:12ff4785d337a1bb490bb7e9c2b1ee5da3112e94a8622f26a6c77f5d2fc6842a"},
]

[[package]]
name = "colorama"
version = "0.4.6"
requires_python = "!=3.0.*,!=3.1.*,!=3.2.*,!=3.3.*,!=3.4.*,!=3.5.*,!=3.6.*,>=2.7"
summary = "Cross-platform colored terminal text."
groups = ["default", "test"]
marker = "sys_platform == \"win32\" or platform_system == \"Windows\""
files = [
    {file = "colorama-0.4.6-py2.py3-none-any.whl", hash = "sha256:4f1d9991f5acc0ca119f9d443620b77f9d6b33703e51011c16baf57afb285fc6"},
    {file = "colorama-0.4.6.tar.gz", hash = "sha256:08695f5cb7ed6e0531a20572697297273c47b8cae5a63ffc6d6ed5c201be6e44"},
]

[[package]]
name = "coverage"
version = "7.13.2"
requires_python = ">=3.10"
summary = "Code coverage measurement for Python"
groups = ["test"]
files = [
    {file = "coverage-7.13.2-cp314-cp314-macosx_10_15_x86_64.whl", hash = "sha256:387a825f43d680e7310e6f325b2167dd093bc8ffd933b83e9aa0983cf6e0a2ef"},
    {file = "coverage-7.13.2-cp314-cp314-macosx_11_0_arm64.whl", hash = "sha256:f0d7fea9d8e5d778cd5a9e8fc38308ad688f02040e883cdc13311ef2748cb40f"},
    {file = "coverage-7.13.2-cp314-cp314-manylinux1_i686.manylinux_2_28_i686.manylinux_2_5_i686.whl", hash = "sha256:e080afb413be106c95c4ee96b4fffdc9e2fa56a8bbf90b5c0918e5c4449412f5"},
    {file = "coverage-7.13.2-cp314-cp314-manylinux1_x86_64.manylinux_2_28_x86_64.manylinux_2_5_x86_64.whl", hash = "sha256:a7fc042ba3c7ce25b8a9f097eb0f32a5ce1ccdb639d9eec114e26def98e1f8a4"},
    {file = "coverage-7.13.2-cp314-cp314-manylinux2014_aarch64.manylinux_2_17_aarch64.manylinux_2_28_aarch64.whl", hash = "sha256:d0ba505e021557f7f8173ee8cd6b926373d8653e5ff7581ae2efce1b11ef4c27"},
    {file = "coverage-7.13.2-cp314-cp314-manylinux_2_31_riscv64.manylinux_2_39_riscv64.whl", hash = "sha256:7de326f80e3451bd5cc7239ab46c73ddb658fe0b7649476bc7413572d36cd548"},
    {file = "coverage-7.13.2-cp314-cp314-musllinux_1_2_aarch64.whl", hash = "sha256:abaea04f1e7e34841d4a7b343904a3f59481f62f9df39e2cd399d69a187a9660"},
    {file = "coverage-7.13.2-cp314-cp314-musllinux_1_2_i686.whl", hash = "sha256:9f93959ee0c604bccd8e0697be21de0887b1f73efcc3aa73a3ec0fd13feace92"},
    {file = "coverage-7.13.2-cp314-cp314-musllinux_1_2_riscv64.whl", hash = "sha256:13fe81ead04e34e105bf1b3c9f9cdf32ce31736ee5d90a8d2de02b9d3e1bcb82"},
    {file = "coverage-7.13.2-cp314-cp314-musllinux_1_2_x86_64.whl", hash = "sha256:d6d16b0f71120e365741bca2cb473ca6fe38930bc5431c5e850ba949f708f892"},
    {file = "coverage-7.13.2-cp314-cp314-win32.whl", hash = "sha256:9b2f4714bb7d99ba3790ee095b3b4ac94767e1347fe424278a0b10acb3ff04fe"},
    {file = "coverage-7.13.2-cp314-cp314-win_amd64.whl", hash = "sha256:e4121a90823a063d717a96e0a0529c727fb31ea889369a0ee3ec00ed99bf6859"},
    {file = "coverage-7.13.2-cp314-cp314-win_arm64.whl", hash = "sha256:6873f0271b4a15a33e7590f338d823f6f66f91ed147a03938d7ce26efd04eee6"},
    {file = "coverage-7.13.2-cp314-cp314t-macosx_10_15_x86_64.whl", hash = "sha256:f61d349f5b7cd95c34017f1927ee379bfbe9884300d74e07cf630ccf7a610c1b"},
    {file = "coverage-7.13.2-cp314-cp314t-macosx_11_0_arm64.whl", hash = "sha256:a43d34ce714f4ca674c0d90beb760eb05aad906f2c47580ccee9da8fe8bfb417"},
    {file = "coverage-7.13.2-cp314-cp314t-manylinux1_i686.manylinux_2_28_i686.manylinux_2_5_i686.whl", hash = "sha256:bff1b04cb9d4900ce5c56c4942f047dc7efe57e2608cb7c3c8936e9970ccdbee"},
    {file = "coverage-7.13.2-cp314-cp314t-manylinux1_x86_64.manylinux_2_28_x86_64.manylinux_2_5_x86_64.whl", hash = "sha256:6ae99e4560963ad8e163e819e5d77d413d331fd00566c1e0856aa252303552c1"},
    {file = "coverage-7.13.2-cp314-cp314t-manylinux2014_aarch64.manylinux_2_17_aarch64.manylinux_2_28_aarch64.whl", hash = "sha256:e79a8c7d461820257d9aa43716c4efc55366d7b292e46b5b37165be1d377405d"},
    {file = "coverage-7.13.2-cp314-cp314t-manylinux_2_31_riscv64.manylinux_2_39_riscv64.whl", hash = "sha256:060ee84f6a769d40c492711911a76811b4befb6fba50abb450371abb720f5bd6"},
    {file = "coverage-7.13.2-cp314-cp314t-musllinux_1_2_aarch64.whl", hash = "sha256:3bca209d001fd03ea2d978f8a4985093240a355c93078aee3f799852c23f561a"},
    {file = "coverage-7.13.2-cp314-cp314t-musllinux_1_2_i686.whl", hash = "sha256:6b8092aa38d72f091db61ef83cb66076f18f02da3e1a75039a4f218629600e04"},
    {file = "coverage-7.13.2-cp314-cp314t-musllinux_1_2_riscv64.whl", hash = "sha256:4a3158dc2dcce5200d91ec28cd315c999eebff355437d2765840555d765a6e5f"},
    {file = "coverage-7.13.2-cp314-cp314t-musllinux_1_2_x86_64.whl", hash = "sha256:3973f353b2d70bd9796cc12f532a05945232ccae966456c8ed7034cb96bbfd6f"},
    {file = "coverage-7.13.2-cp314-cp314t-win32.whl", hash = "sha256:79f6506a678a59d4ded048dc72f1859ebede8ec2b9a2d509ebe161f01c2879d3"},
    {file = "coverage-7.13.2-cp314-cp314t-win_amd64.whl", hash = "sha256:196bfeabdccc5a020a57d5a368c681e3a6ceb0447d153aeccc1ab4d70a5032ba"},
    {file = "coverage-7.13.2-cp314-cp314t-win_arm64.whl", hash = "sha256:69269ab58783e090bfbf5b916ab3d188126e22d6070bbfc93098fdd474ef937c"},
    {file = "coverage-7.13.2-py3-none-any.whl", hash = "sha256:40ce1ea1e25125556d8e76bd0b61500839a07944cc287ac21d5626f3e620cad5"},
    {file = "coverage-7.13.2.tar.gz", hash = "sha256:044c6951ec37146b72a50cc81ef02217d27d4c3640efd2640311393cbbf143d3"},
]

[[package]]
name = "coverage"
version = "7.13.2"
extras = ["toml"]
requires_python = ">=3.10"
summary = "Code coverage measurement for Python"
groups = ["test"]
dependencies = [
    "coverage==7.13.2",
    "tomli; python_full_version <= \"3.11.0a6\"",
]
files = [
    {file = "coverage-7.13.2-cp314-cp314-macosx_10_15_x86_64.whl", hash = "sha256:387a825f43d680e7310e6f325b2167dd093bc8ffd933b83e9aa0983cf6e0a2ef"},
    {file = "coverage-7.13.2-cp314-cp314-macosx_11_0_arm64.whl", hash = "sha256:f0d7fea9d8e5d778cd5a9e8fc38308ad688f02040e883cdc13311ef2748cb40f"},
    {file = "coverage-7.13.2-cp314-cp314-manylinux1_i686.manylinux_2_28_i686.manylinux_2_5_i686.whl", hash = "sha256:e080afb413be106c95c4ee96b4fffdc9e2fa56a8bbf90b5c0918e5c4449412f5"},
    {file = "coverage-7.13.2-cp314-cp314-manylinux1_x86_64.manylinux_2_28_x86_64.manylinux_2_5_x86_64.whl", hash = "sha256:a7fc042ba3c7ce25b8a9f097eb0f32a5ce1ccdb639d9eec114e26def98e1f8a4"},
    {file = "coverage-7.13.2-cp314-cp314-manylinux2014_aarch64.manylinux_2_17_aarch64.manylinux_2_28_aarch64.whl", hash = "sha256:d0ba505e021557f7f8173ee8cd6b926373d8653e5ff7581ae2efce1b11ef4c27"},
    {file = "coverage-7.13.2-cp314-cp314-manylinux_2_31_riscv64.manylinux_2_39_riscv64.whl", hash = "sha256:7de326f80e3451bd5cc7239ab46c73ddb658fe0b7649476bc7413572d36cd548"},
    {file = "coverage-7.13.2-cp314-cp314-musllinux_1_2_aarch64.whl", hash = "sha256:abaea04f1e7e34841d4a7b343904a3f59481f62f9df39e2cd399d69a187a9660"},
    {file = "coverage-7.13.2-cp314-cp314-musllinux_1_2_i686.whl", hash = "sha256:9f93959ee0c604bccd8e0697be21de0887b1f73efcc3aa73a3ec0fd13feace92"},
    {file = "coverage-7.13.2-cp314-cp314-musllinux_1_2_riscv64.whl", hash = "sha256:13fe81ead04e34e105bf1b3c9f9cdf32ce31736ee5d90a8d2de02b9d3e1bcb82"},
    {file = "coverage-7.13.2-cp314-cp314-musllinux_1_2_x86_64.whl", hash = "sha256:d6d16b0f71120e365741bca2cb473ca6fe38930bc5431c5e850ba949f708f892"},
    {file = "coverage-7.13.2-cp314-cp314-win32.whl", hash = "sha256:9b2f4714bb7d99ba3790ee095b3b4ac94767e1347fe424278a0b10acb3ff04fe"},
    {file = "coverage-7.13.2-cp314-cp314-win_amd64.whl", hash = "sha256:e4121a90823a063d717a96e0a0529c727fb31ea889369a0ee3ec00ed99bf6859"},
    {file = "coverage-7.13.2-cp314-cp314-win_arm64.whl", hash = "sha256:6873f0271b4a15a33e7590f338d823f6f66f91ed147a03938d7ce26efd04eee6"},
    {file = "coverage-7.13.2-cp314-cp314t-macosx_10_15_x86_64.whl", hash = "sha256:f61d349f5b7cd95c34017f1927ee379bfbe9884300d74e07cf630ccf7a610c1b"},
    {file = "coverage-7.13.2-cp314-cp314t-macosx_11_0_arm64.whl", hash = "sha256:a43d34ce714f4ca674c0d90beb760eb05aad906f2c47580ccee9da8fe8bfb417"},
    {file = "coverage-7.13.2-cp314-cp314t-manylinux1_i686.manylinux_2_28_i686.manylinux_2_5_i686.whl", hash = "sha256:bff1b04cb9d4900ce5c56c4942f047dc7efe57e2608cb7c3c8936e9970ccdbee"},
    {file = "coverage-7.13.2-cp314-cp314t-manylinux1_x86_64.manylinux_2_28_x86_64.manylinux_2_5_x86_64.whl", hash = "sha256:6ae99e4560963ad8e163e819e5d77d413d331fd00566c1e0856aa252303552c1"},
    {file = "coverage-7.13.2-cp314-cp314t-manylinux2014_aarch64.manylinux_2_17_aarch64.manylinux_2_28_aarch64.whl", hash = "sha256:e79a8c7d461820257d9aa43716c4efc55366d7b292e46b5b37165be1d377405d"},
    {file = "coverage-7.13.2-cp314-cp314t-manylinux_2_31_riscv64.manylinux_2_39_riscv64.whl", hash = "sha256:060ee84f6a769d40c492711911a76811b4befb6fba50abb450371abb720f5bd6"},
    {file = "coverage-7.13.2-cp314-cp314t-musllinux_1_2_aarch64.whl", hash = "sha256:3bca209d001fd03ea2d978f8a4985093240a355c93078aee3f799852c23f561a"},
    {file = "coverage-7.13.2-cp314-cp314t-musllinux_1_2_i686.whl", hash = "sha256:6b8092aa38d72f091db61ef83cb66076f18f02da3e1a75039a4f218629600e04"},
    {file = "coverage-7.13.2-cp314-cp314t-musllinux_1_2_riscv64.whl", hash = "sha256:4a3158dc2dcce5200d91ec28cd315c999eebff355437d2765840555d765a6e5f"},
    {file = "coverage-7.13.2-cp314-cp314t-musllinux_1_2_x86_64.whl", hash = "sha256:3973f353b2d70bd9796cc12f532a05945232ccae966456c8ed7034cb96bbfd6f"},
    {file = "coverage-7.13.2-cp314-cp314t-win32.whl", hash = "sha256:79f6506a678a59d4ded048dc72f1859ebede8ec2b9a2d509ebe161f01c2879d3"},
    {file = "coverage-7.13.2-cp314-cp314t-win_amd64.whl", hash = "sha256:196bfeabdccc5a020a57d5a368c681e3a6ceb0447d153aeccc1ab4d70a5032ba"},
    {file = "coverage-7.13.2-cp314-cp314t-win_arm64.whl", hash = "sha256:69269ab58783e090bfbf5b916ab3d188126e22d6070bbfc93098fdd474ef937c"},
    {file = "coverage-7.13.2-py3-none-any.whl", hash = "sha256:40ce1ea1e25125556d8e76bd0b61500839a07944cc287ac21d5626f3e620cad5"},
    {file = "coverage-7.13.2.tar.gz", hash = "sha256:044c6951ec37146b72a50cc81ef02217d27d4c3640efd2640311393cbbf143d3"},
]

[[package]]
name = "httpx"
version = "1.0.dev3"
requires_python = ">=3.10"
summary = "HTTP, for Python."
groups = ["default"]
dependencies = [
    "certifi",
]
files = [
    {file = "httpx-1.0.dev3-py3-none-any.whl", hash = "sha256:80b33db1bc8e1fac2a15f419839e324d472d528822608ea6b7a93fed2011722d"},
    {file = "httpx-1.0.dev3.tar.gz", hash = "sha256:e95700e4f9cf6430295f4c195f9cb0ca0549bab4294927f8002bf196851d40db"},
]

[[package]]
name = "iniconfig"
version = "2.3.0"
requires_python = ">=3.10"
summary = "brain-dead simple config-ini parsing"
groups = ["test"]
files = [
    {file = "iniconfig-2.3.0-py3-none-any.whl", hash = "sha256:f631c04d2c48c52b84d0d0549c99ff3859c98df65b3101406327ecc7d53fbf12"},
    {file = "iniconfig-2.3.0.tar.gz", hash = "sha256:c76315c77db068650d49c5b56314774a7804df16fee4402c1f19d6d15d8c4730"},
]

[[package]]
name = "macholib"
version = "1.16.4"
summary = "Mach-O header analysis and editing"
groups = ["build"]
marker = "sys_platform == \"darwin\""
dependencies = [
    "altgraph>=0.17",
]
files = [
    {file = "macholib-1.16.4-py2.py3-none-any.whl", hash = "sha256:da1a3fa8266e30f0ce7e97c6a54eefaae8edd1e5f86f3eb8b95457cae90265ea"},
    {file = "macholib-1.16.4.tar.gz", hash = "sha256:f408c93ab2e995cd2c46e34fe328b130404be143469e41bc366c807448979362"},
]

[[package]]
name = "markdown-it-py"
version = "4.0.0"
requires_python = ">=3.10"
summary = "Python port of markdown-it. Markdown parsing, done right!"
groups = ["default"]
dependencies = [
    "mdurl~=0.1",
]
files = [
    {file = "markdown_it_py-4.0.0-py3-none-any.whl", hash = "sha256:87327c59b172c5011896038353a81343b6754500a08cd7a4973bb48c6d578147"},
    {file = "markdown_it_py-4.0.0.tar.gz", hash = "sha256:cb0a2b4aa34f932c007117b194e945bd74e0ec24133ceb5bac59009cda1cb9f3"},
]

[[package]]
name = "mdurl"
version = "0.1.2"
requires_python = ">=3.7"
summary = "Markdown URL utilities"
groups = ["default"]
files = [
    {file = "mdurl-0.1.2-py3-none-any.whl", hash = "sha256:84008a41e51615a49fc9966191ff91509e3c40b939176e643fd50a5c2196b8f8"},
    {file = "mdurl-0.1.2.tar.gz", hash = "sha256:bb413d29f5eea38f31dd4754dd7377d4465116fb207585f97bf925588687c1ba"},
]

[[package]]
name = "packaging"
version = "26.0"
requires_python = ">=3.8"
summary = "Core utilities for Python packages"
groups = ["default", "build", "test"]
files = [
    {file = "packaging-26.0-py3-none-any.whl", hash = "sha256:b36f1fef9334a5588b4166f8bcd26a14e521f2b55e6b9de3aaa80d3ff7a37529"},
    {file = "packaging-26.0.tar.gz", hash = "sha256:00243ae351a257117b6a241061796684b084ed1c516a08c48a3f7e147a9d80b4"},
]

[[package]]
name = "pefile"
version = "2024.8.26"
requires_python = ">=3.6.0"
summary = "Python PE parsing module"
groups = ["build"]
marker = "sys_platform == \"win32\""
files = [
    {file = "pefile-2024.8.26-py3-none-any.whl", hash = "sha256:76f8b485dcd3b1bb8166f1128d395fa3d87af26360c2358fb75b80019b957c6f"},
    {file = "pefile-2024.8.26.tar.gz", hash = "sha256:3ff6c5d8b43e8c37bb6e6dd5085658d658a7a0bdcd20b6a07b1fcfc1c4e9d632"},
]

[[package]]
name = "platformdirs"
version = "4.5.1"
requires_python = ">=3.10"
summary = "A small Python package for determining appropriate platform-specific dirs, e.g. a `user data dir`."
groups = ["default"]
files = [
    {file = "platformdirs-4.5.1-py3-none-any.whl", hash = "sha256:d03afa3963c806a9bed9d5125c8f4cb2fdaf74a55ab60e5d59b3fde758104d31"},
    {file = "platformdirs-4.5.1.tar.gz", hash = "sha256:61d5cdcc6065745cdd94f0f878977f8de9437be93de97c1c12f853c9c0cdcbda"},
]

[[package]]
name = "pluggy"
version = "1.6.0"
requires_python = ">=3.9"
summary = "plugin and hook calling mechanisms for python"
groups = ["test"]
files = [
    {file = "pluggy-1.6.0-py3-none-any.whl", hash = "sha256:e920276dd6813095e9377c0bc5566d94c932c33b27a3e3945d8389c374dd4746"},
    {file = "pluggy-1.6.0.tar.gz", hash = "sha256:7dcc130b76258d33b90f61b658791dede3486c3e6bfb003ee5c9bfb396dd22f3"},
]

[[package]]
name = "porringer"
version = "0.2.1.dev21"
requires_python = ">=3.14"
summary = ""
groups = ["default"]
dependencies = [
    "httpx>=0.28.1",
    "packaging>=26.0",
    "platformdirs>=4.5.1",
    "pydantic>=2.12.5",
    "typer[all]>=0.21.1",
    "userpath>=1.9.2",
]
files = [
    {file = "porringer-0.2.1.dev21-py3-none-any.whl", hash = "sha256:4dcf4b653873b8322a49b0902aeef2a5edf20d4cf66c80ed92d1b206e4eb4970"},
    {file = "porringer-0.2.1.dev21.tar.gz", hash = "sha256:c6fc3f8a7a938bcc032b5ca4603957d68ab24f370691759c9718f813665860a7"},
]

[[package]]
name = "pydantic"
version = "2.12.5"
requires_python = ">=3.9"
summary = "Data validation using Python type hints"
groups = ["default"]
dependencies = [
    "annotated-types>=0.6.0",
    "pydantic-core==2.41.5",
    "typing-extensions>=4.14.1",
    "typing-inspection>=0.4.2",
]
files = [
    {file = "pydantic-2.12.5-py3-none-any.whl", hash = "sha256:e561593fccf61e8a20fc46dfc2dfe075b8be7d0188df33f221ad1f0139180f9d"},
    {file = "pydantic-2.12.5.tar.gz", hash = "sha256:4d351024c75c0f085a9febbb665ce8c0c6ec5d30e903bdb6394b7ede26aebb49"},
]

[[package]]
name = "pydantic-core"
version = "2.41.5"
requires_python = ">=3.9"
summary = "Core functionality for Pydantic validation and serialization"
groups = ["default"]
dependencies = [
    "typing-extensions>=4.14.1",
]
files = [
    {file = "pydantic_core-2.41.5-cp314-cp314-macosx_10_12_x86_64.whl", hash = "sha256:3f37a19d7ebcdd20b96485056ba9e8b304e27d9904d233d7b1015db320e51f0a"},
    {file = "pydantic_core-2.41.5-cp314-cp314-macosx_11_0_arm64.whl", hash = "sha256:1d1d9764366c73f996edd17abb6d9d7649a7eb690006ab6adbda117717099b14"},
    {file = "pydantic_core-2.41.5-cp314-cp314-manylinux_2_17_aarch64.manylinux2014_aarch64.whl", hash = "sha256:25e1c2af0fce638d5f1988b686f3b3ea8cd7de5f244ca147c777769e798a9cd1"},
    {file = "pydantic_core-2.41.5-cp314-cp314-manylinux_2_17_armv7l.manylinux2014_armv7l.whl", hash = "sha256:506d766a8727beef16b7adaeb8ee6217c64fc813646b424d0804d67c16eddb66"},
    {file = "pydantic_core-2.41.5-cp314-cp314-manylinux_2_17_ppc64le.manylinux2014_ppc64le.whl", hash = "sha256:4819fa52133c9aa3c387b3328f25c1facc356491e6135b459f1de698ff64d869"},
    {file = "pydantic_core-2.41.5-cp314-cp314-manylinux_2_17_s390x.manylinux2014_s390x.whl", hash = "sha256:2b761d210c9ea91feda40d25b4efe82a1707da2ef62901466a42492c028553a2"},
    {file = "pydantic_core-2.41.5-cp314-cp314-manylinux_2_17_x86_64.manylinux2014_x86_64.whl", hash = "sha256:22f0fb8c1c583a3b6f24df2470833b40207e907b90c928cc8d3594b76f874375"},
    {file = "pydantic_core-2.41.5-cp314-cp314-manylinux_2_5_i686.manylinux1_i686.whl", hash = "sha256:2782c870e99878c634505236d81e5443092fba820f0373997ff75f90f68cd553"},
    {file = "pydantic_core-2.41.5-cp314-cp314-musllinux_1_1_aarch64.whl", hash = "sha256:0177272f88ab8312479336e1d777f6b124537d47f2123f89cb37e0accea97f90"},
    {file = "pydantic_core-2.41.5-cp314-cp314-musllinux_1_1_armv7l.whl", hash = "sha256:63510af5e38f8955b8ee5687740d6ebf7c2a0886d15a6d65c32814613681bc07"},
    {file = "pydantic_core-2.41.5-cp314-cp314-musllinux_1_1_x86_64.whl", hash = "sha256:e56ba91f47764cc14f1daacd723e3e82d1a89d783f0f5afe9c364b8bb491ccdb"},
    {file = "pydantic_core-2.41.5-cp314-cp314-win32.whl", hash = "sha256:aec5cf2fd867b4ff45b9959f8b20ea3993fc93e63c7363fe6851424c8a7e7c23"},
    {file = "pydantic_core-2.41.5-cp314-cp314-win_amd64.whl", hash = "sha256:8e7c86f27c585ef37c35e56a96363ab8de4e549a95512445b85c96d3e2f7c1bf"},
    {file = "pydantic_core-2.41.5-cp314-cp314-win_arm64.whl", hash = "sha256:e672ba74fbc2dc8eea59fb6d4aed6845e6905fc2a8afe93175d94a83ba2a01a0"},
    {file = "pydantic_core-2.41.5-cp314-cp314t-macosx_10_12_x86_64.whl", hash = "sha256:8566def80554c3faa0e65ac30ab0932b9e3a5cd7f8323764303d468e5c37595a"},
    {file = "pydantic_core-2.41.5-cp314-cp314t-macosx_11_0_arm64.whl", hash = "sha256:b80aa5095cd3109962a298ce14110ae16b8c1aece8b72f9dafe81cf597ad80b3"},
    {file = "pydantic_core-2.41.5-cp314-cp314t-manylinux_2_17_aarch64.manylinux2014_aarch64.whl", hash = "sha256:3006c3dd9ba34b0c094c544c6006cc79e87d8612999f1a5d43b769b89181f23c"},
    {file = "pydantic_core-2.41.5-cp314-cp314t-manylinux_2_17_armv7l.manylinux2014_armv7l.whl", hash = "sha256:72f6c8b11857a856bcfa48c86f5368439f74453563f951e473514579d44aa612"},
    {file = "pydantic_core-2.41.5-cp314-cp314t-manylinux_2_17_ppc64le.manylinux2014_ppc64le.whl", hash = "sha256:5cb1b2f9742240e4bb26b652a5aeb840aa4b417c7748b6f8387927bc6e45e40d"},
    {file = "pydantic_core-2.41.5-cp314-cp314t-manylinux_2_17_s390x.manylinux2014_s390x.whl", hash = "sha256:bd3d54f38609ff308209bd43acea66061494157703364ae40c951f83ba99a1a9"},
    {file = "pydantic_core-2.41.5-cp314-cp314t-manylinux_2_17_x86_64.manylinux2014_x86_64.whl", hash = "sha256:2ff4321e56e879ee8d2a879501c8e469414d948f4aba74a2d4593184eb326660"},
    {file = "pydantic_core-2.41.5-cp314-cp314t-manylinux_2_5_i686.manylinux1_i686.whl", hash = "sha256:d0d2568a8c11bf8225044aa94409e21da0cb09dcdafe9ecd10250b2baad531a9"},
    {file = "pydantic_core-2.41.5-cp314-cp314t-musllinux_1_1_aarch64.whl", hash = "sha256:a39455728aabd58ceabb03c90e12f71fd30fa69615760a075b9fec596456ccc3"},
    {file = "pydantic_core-2.41.5-cp314-cp314t-musllinux_1_1_armv7l.whl", hash = "sha256:239edca560d05757817c13dc17c50766136d21f7cd0fac50295499ae24f90fdf"},
    {file = "pydantic_core-2.41.5-cp314-cp314t-musllinux_1_1_x86_64.whl", hash = "sha256:2a5e06546e19f24c6a96a129142a75cee553cc018ffee48a460059b1185f4470"},
    {file = "pydantic_core-2.41.5-cp314-cp314t-win32.whl", hash = "sha256:b4ececa40ac28afa90871c2cc2b9ffd2ff0bf749380fbdf57d165fd23da353aa"},
    {file = "pydantic_core-2.41.5-cp314-cp314t-win_amd64.whl", hash = "sha256:80aa89cad80b32a912a65332f64a4450ed00966111b6615ca6816153d3585a8c"},
    {file = "pydantic_core-2.41.5-cp314-cp314t-win_arm64.whl", hash = "sha256:35b44f37a3199f771c3eaa53051bc8a70cd7b54f333531c59e29fd4db5d15008"},
    {file = "pydantic_core-2.41.5.tar.gz", hash = "sha256:08daa51ea16ad373ffd5e7606252cc32f07bc72b28284b6bc9c6df804816476e"},
]

[[package]]
name = "pygments"
version = "2.19.2"
requires_python = ">=3.8"
summary = "Pygments is a syntax highlighting package written in Python."
groups = ["default", "test"]
files = [
    {file = "pygments-2.19.2-py3-none-any.whl", hash = "sha256:86540386c03d588bb81d44bc3928634ff26449851e99741617ecb9037ee5ec0b"},
    {file = "pygments-2.19.2.tar.gz", hash = "sha256:636cb2477cec7f8952536970bc533bc43743542f70392ae026374600add5b887"},
]

[[package]]
name = "pyinstaller"
version = "6.19.0"
requires_python = "<3.15,>=3.8"
summary = "PyInstaller bundles a Python application and all its dependencies into a single package."
groups = ["build"]
dependencies = [
    "altgraph",
    "importlib-metadata>=4.6; python_version < \"3.10\"",
    "macholib>=1.8; sys_platform == \"darwin\"",
    "packaging>=22.0",
    "pefile>=2022.5.30; sys_platform == \"win32\"",
    "pyinstaller-hooks-contrib>=2026.0",
    "pywin32-ctypes>=0.2.1; sys_platform == \"win32\"",
    "setuptools>=42.0.0",
]
files = [
    {file = "pyinstaller-6.19.0-py3-none-macosx_10_13_universal2.whl", hash = "sha256:4190e76b74f0c4b5c5f11ac360928cd2e36ec8e3194d437bf6b8648c7bc0c134"},
    {file = "pyinstaller-6.19.0-py3-none-manylinux2014_aarch64.whl", hash = "sha256:8bd68abd812d8a6ba33b9f1810e91fee0f325969733721b78151f0065319ca11"},
    {file = "pyinstaller-6.19.0-py3-none-manylinux2014_i686.whl", hash = "sha256:1ec54ef967996ca61dacba676227e2b23219878ccce5ee9d6f3aada7b8ed8abf"},
    {file = "pyinstaller-6.19.0-py3-none-manylinux2014_ppc64le.whl", hash = "sha256:4ab2bb52e58448e14ddf9450601bdedd66800465043501c1d8f1cab87b60b122"},
    {file = "pyinstaller-6.19.0-py3-none-manylinux2014_s390x.whl", hash = "sha256:da6d5c6391ccefe73554b9fa29b86001c8e378e0f20c2a4004f836ba537eff63"},
    {file = "pyinstaller-6.19.0-py3-none-manylinux2014_x86_64.whl", hash = "sha256:a0fc5f6b3c55aa54353f0c74ffa59b1115433c1850c6f655d62b461a2ed6cbbe"},
    {file = "pyinstaller-6.19.0-py3-none-musllinux_1_1_aarch64.whl", hash = "sha256:e649ba6bd1b0b89b210ad92adb5fbdc8a42dd2c5ca4f72ef3a0bfec83a424b83"},
    {file = "pyinstaller-6.19.0-py3-none-musllinux_1_1_x86_64.whl", hash = "sha256:481a909c8e60c8692fc60fcb1344d984b44b943f8bc9682f2fcdae305ad297e6"},
    {file = "pyinstaller-6.19.0-py3-none-win32.whl", hash = "sha256:3c5c251054fe4cfaa04c34a363dcfbf811545438cb7198304cd444756bc2edd2"},
    {file = "pyinstaller-6.19.0-py3-none-win_amd64.whl", hash = "sha256:b5bb6536c6560330d364d91522250f254b107cf69129d9cbcd0e6727c570be33"},
    {file = "pyinstaller-6.19.0-py3-none-win_arm64.whl", hash = "sha256:c2d5a539b0bfe6159d5522c8c70e1c0e487f22c2badae0f97d45246223b798ea"},
    {file = "pyinstaller-6.19.0.tar.gz", hash = "sha256:ec73aeb8bd9b7f2f1240d328a4542e90b3c6e6fbc106014778431c616592a865"},
]

[[package]]
name = "pyinstaller-hooks-contrib"
version = "2026.0"
requires_python = ">=3.8"
summary = "Community maintained hooks for PyInstaller"
groups = ["build"]
dependencies = [
    "importlib-metadata>=4.6; python_version < \"3.10\"",
    "packaging>=22.0",
    "setuptools>=42.0.0",
]
files = [
    {file = "pyinstaller_hooks_contrib-2026.0-py3-none-any.whl", hash = "sha256:0590db8edeba3e6c30c8474937021f5cd39c0602b4d10f74a064c73911efaca5"},
    {file = "pyinstaller_hooks_contrib-2026.0.tar.gz", hash = "sha256:0120893de491a000845470ca9c0b39284731ac6bace26f6849dea9627aaed48e"},
]

[[package]]
name = "pyrefly"
version = "0.52.0"
requires_python = ">=3.8"
summary = "A fast type checker and language server for Python with powerful IDE features"
groups = ["lint"]
files = [
    {file = "pyrefly-0.52.0-py3-none-macosx_10_12_x86_64.whl", hash = "sha256:90d7bf2fb812ee3a920a962da2aa2387e2f4109c62604e5be1a736046a3260c7"},
    {file = "pyrefly-0.52.0-py3-none-macosx_11_0_arm64.whl", hash = "sha256:848764fdbc474fd36412d7ccf230d13a12ab3b2c28968124d9e9d51df79b7b8e"},
    {file = "pyrefly-0.52.0-py3-none-manylinux_2_17_aarch64.manylinux2014_aarch64.whl", hash = "sha256:43b712830df1247798fb79f478a236b0ffbe5983bdde5eb2f5b99a9411e09f35"},
    {file = "pyrefly-0.52.0-py3-none-manylinux_2_17_i686.manylinux2014_i686.whl", hash = "sha256:baa4130c460ad7c8d7efcff9017b7bc74c71736c5959ebfc2b7e405c2ce07d5d"},
    {file = "pyrefly-0.52.0-py3-none-manylinux_2_17_x86_64.manylinux2014_x86_64.whl", hash = "sha256:3297751b1b13ecb582af48c8798e0b652c41c33a7e4ed72676164b29561655f6"},
    {file = "pyrefly-0.52.0-py3-none-win32.whl", hash = "sha256:d24ed11ef5eab93625df0bb4e67f7f946208b2b0ed4359b78f69cabbc6f78e3d"},
    {file = "pyrefly-0.52.0-py3-none-win_amd64.whl", hash = "sha256:0e5bee368fbdce6430b7672304bc4e36f11bc3b72ad067cbfde934d380701a3b"},
    {file = "pyrefly-0.52.0-py3-none-win_arm64.whl", hash = "sha256:8cabc07740e90c0baea12a1e7c48d6422130a19331033e8d9a16dd63e7e90db0"},
    {file = "pyrefly-0.52.0.tar.gz", hash = "sha256:abe022b68e67a2fd9adad4f8fe2deced2a786df32601b0eecbb00b40ea1f3b93"},
]

[[package]]
name = "pyside6"
version = "6.10.2"
requires_python = "<3.15,>=3.9"
summary = "Python bindings for the Qt cross-platform application and UI framework"
groups = ["default"]
dependencies = [
    "PySide6-Addons==6.10.2",
    "PySide6-Essentials==6.10.2",
    "shiboken6==6.10.2",
]
files = [
    {file = "pyside6-6.10.2-cp39-abi3-macosx_13_0_universal2.whl", hash = "sha256:4b084293caa7845d0064aaf6af258e0f7caae03a14a33537d0a552131afddaf0"},
    {file = "pyside6-6.10.2-cp39-abi3-manylinux_2_34_x86_64.whl", hash = "sha256:1b89ce8558d4b4f35b85bff1db90d680912e4d3ce9e79ff804d6fef1d1a151ef"},
    {file = "pyside6-6.10.2-cp39-abi3-manylinux_2_39_aarch64.whl", hash = "sha256:0439f5e9b10ebe6177981bac9e219096ec970ac6ec215bef055279802ba50601"},
    {file = "pyside6-6.10.2-cp39-abi3-win_amd64.whl", hash = "sha256:032bad6b18a17fcbf4dddd0397f49b07f8aae7f1a45b7e4de7037bf7fd6e0edf"},
    {file = "pyside6-6.10.2-cp39-abi3-win_arm64.whl", hash = "sha256:65a59ad0bc92525639e3268d590948ce07a80ee97b55e7a9200db41d493cac31"},
]

[[package]]
name = "pyside6-addons"
version = "6.10.2"
requires_python = "<3.15,>=3.9"
summary = "Python bindings for the Qt cross-platform application and UI framework (Addons)"
groups = ["default"]
dependencies = [
    "PySide6-Essentials==6.10.2",
    "shiboken6==6.10.2",
]
files = [
    {file = "pyside6_addons-6.10.2-cp39-abi3-macosx_13_0_universal2.whl", hash = "sha256:0de7d0c9535e17d5e3b634b61314a1867f3b0f6d35c3d7cdc99efc353192faff"},
    {file = "pyside6_addons-6.10.2-cp39-abi3-manylinux_2_34_x86_64.whl", hash = "sha256:030a851163b51dbf0063be59e9ddb6a9e760bde89a28e461ccc81a224d286eaf"},
    {file = "pyside6_addons-6.10.2-cp39-abi3-manylinux_2_39_aarch64.whl", hash = "sha256:fcee0373e3fd7b98f014094e5e37b4a39e4de7c5a47c13f654a7d557d4a426ad"},
    {file = "pyside6_addons-6.10.2-cp39-abi3-win_amd64.whl", hash = "sha256:c20150068525a17494f3b6576c5d61c417cf9a5870659e29f5ebd83cd20a78ea"},
    {file = "pyside6_addons-6.10.2-cp39-abi3-win_arm64.whl", hash = "sha256:3d18db739b46946ba7b722d8ad4cc2097135033aa6ea57076e64d591e6a345f3"},
]

[[package]]
name = "pyside6-essentials"
version = "6.10.2"
requires_python = "<3.15,>=3.9"
summary = "Python bindings for the Qt cross-platform application and UI framework (Essentials)"
groups = ["default"]
dependencies = [
    "shiboken6==6.10.2",
]
files = [
    {file = "pyside6_essentials-6.10.2-cp39-abi3-macosx_13_0_universal2.whl", hash = "sha256:1dee2cb9803ff135f881dadeb5c0edcef793d1ec4f8a9140a1348cecb71074e1"},
    {file = "pyside6_essentials-6.10.2-cp39-abi3-manylinux_2_34_x86_64.whl", hash = "sha256:660aea45bfa36f1e06f799b934c2a7df963bd31abc5083e8bb8a5bfaef45686b"},
    {file = "pyside6_essentials-6.10.2-cp39-abi3-manylinux_2_39_aarch64.whl", hash = "sha256:c2b028e4c6f8047a02c31f373408e23b4eedfd405f56c6aba8d0525c29472835"},
    {file = "pyside6_essentials-6.10.2-cp39-abi3-win_amd64.whl", hash = "sha256:0741018c2b6395038cad4c41775cfae3f13a409e87995ac9f7d89e5b1fb6b22a"},
    {file = "pyside6_essentials-6.10.2-cp39-abi3-win_arm64.whl", hash = "sha256:db5f4913648bb6afddb8b347edae151ee2378f12bceb03c8b2515a530a4b38d9"},
]

[[package]]
name = "pytest"
version = "9.0.2"
requires_python = ">=3.10"
summary = "pytest: simple powerful testing with Python"
groups = ["test"]
dependencies = [
    "colorama>=0.4; sys_platform == \"win32\"",
    "exceptiongroup>=1; python_version < \"3.11\"",
    "iniconfig>=1.0.1",
    "packaging>=22",
    "pluggy<2,>=1.5",
    "pygments>=2.7.2",
    "tomli>=1; python_version < \"3.11\"",
]
files = [
    {file = "pytest-9.0.2-py3-none-any.whl", hash = "sha256:711ffd45bf766d5264d487b917733b453d917afd2b0ad65223959f59089f875b"},
    {file = "pytest-9.0.2.tar.gz", hash = "sha256:75186651a92bd89611d1d9fc20f0b4345fd827c41ccd5c299a868a05d70edf11"},
]

[[package]]
name = "pytest-cov"
version = "7.0.0"
requires_python = ">=3.9"
summary = "Pytest plugin for measuring coverage."
groups = ["test"]
dependencies = [
    "coverage[toml]>=7.10.6",
    "pluggy>=1.2",
    "pytest>=7",
]
files = [
    {file = "pytest_cov-7.0.0-py3-none-any.whl", hash = "sha256:3b8e9558b16cc1479da72058bdecf8073661c7f57f7d3c5f22a1c23507f2d861"},
    {file = "pytest_cov-7.0.0.tar.gz", hash = "sha256:33c97eda2e049a0c5298e91f519302a1334c26ac65c1a483d6206fd458361af1"},
]

[[package]]
name = "pytest-mock"
version = "3.15.1"
requires_python = ">=3.9"
summary = "Thin-wrapper around the mock package for easier use with pytest"
groups = ["test"]
dependencies = [
    "pytest>=6.2.5",
]
files = [
    {file = "pytest_mock-3.15.1-py3-none-any.whl", hash = "sha256:0a25e2eb88fe5168d535041d09a4529a188176ae608a6d249ee65abc0949630d"},
    {file = "pytest_mock-3.15.1.tar.gz", hash = "sha256:1849a238f6f396da19762269de72cb1814ab44416fa73a8686deac10b0d87a0f"},
]

[[package]]
name = "pywin32-ctypes"
version = "0.2.3"
requires_python = ">=3.6"
summary = "A (partial) reimplementation of pywin32 using ctypes/cffi"
groups = ["build"]
marker = "sys_platform == \"win32\""
files = [
    {file = "pywin32-ctypes-0.2.3.tar.gz", hash = "sha256:d162dc04946d704503b2edc4d55f3dba5c1d539ead017afa00142c38b9885755"},
    {file = "pywin32_ctypes-0.2.3-py3-none-any.whl", hash = "sha256:8a1513379d709975552d202d942d9837758905c8d01eb82b8bcc30918929e7b8"},
]

[[package]]
name = "rich"
version = "14.3.2"
requires_python = ">=3.8.0"
summary = "Render rich text, tables, progress bars, syntax highlighting, markdown and more to the terminal"
groups = ["default"]
dependencies = [
    "markdown-it-py>=2.2.0",
    "pygments<3.0.0,>=2.13.0",
]
files = [
    {file = "rich-14.3.2-py3-none-any.whl", hash = "sha256:08e67c3e90884651da3239ea668222d19bea7b589149d8014a21c633420dbb69"},
    {file = "rich-14.3.2.tar.gz", hash = "sha256:e712f11c1a562a11843306f5ed999475f09ac31ffb64281f73ab29ffdda8b3b8"},
]

[[package]]
name = "ruff"
version = "0.15.1"
requires_python = ">=3.7"
summary = "An extremely fast Python linter and code formatter, written in Rust."
groups = ["lint"]
files = [
    {file = "ruff-0.15.1-py3-none-linux_armv6l.whl", hash = "sha256:b101ed7cf4615bda6ffe65bdb59f964e9f4a0d3f85cbf0e54f0ab76d7b90228a"},
    {file = "ruff-0.15.1-py3-none-macosx_10_12_x86_64.whl", hash = "sha256:939c995e9277e63ea632cc8d3fae17aa758526f49a9a850d2e7e758bfef46602"},
    {file = "ruff-0.15.1-py3-none-macosx_11_0_arm64.whl", hash = "sha256:1d83466455fdefe60b8d9c8df81d3c1bbb2115cede53549d3b522ce2bc703899"},
    {file = "ruff-0.15.1-py3-none-manylinux_2_17_aarch64.manylinux2014_aarch64.whl", hash = "sha256:a9457e3c3291024866222b96108ab2d8265b477e5b1534c7ddb1810904858d16"},
    {file = "ruff-0.15.1-py3-none-manylinux_2_17_armv7l.manylinux2014_armv7l.whl", hash = "sha256:92c92b003e9d4f7fbd33b1867bb15a1b785b1735069108dfc23821ba045b29bc"},
    {file = "ruff-0.15.1-py3-none-manylinux_2_17_i686.manylinux2014_i686.whl", hash = "sha256:1fe5c41ab43e3a06778844c586251eb5a510f67125427625f9eb2b9526535779"},
    {file = "ruff-0.15.1-py3-none-manylinux_2_17_ppc64le.manylinux2014_ppc64le.whl", hash = "sha256:66a6dd6df4d80dc382c6484f8ce1bcceb55c32e9f27a8b94c32f6c7331bf14fb"},
    {file = "ruff-0.15.1-py3-none-manylinux_2_17_s390x.manylinux2014_s390x.whl", hash = "sha256:6a4a42cbb8af0bda9bcd7606b064d7c0bc311a88d141d02f78920be6acb5aa83"},
    {file = "ruff-0.15.1-py3-none-manylinux_2_17_x86_64.manylinux2014_x86_64.whl", hash = "sha256:4ab064052c31dddada35079901592dfba2e05f5b1e43af3954aafcbc1096a5b2"},
    {file = "ruff-0.15.1-py3-none-manylinux_2_31_riscv64.whl", hash = "sha256:5631c940fe9fe91f817a4c2ea4e81f47bee3ca4aa646134a24374f3c19ad9454"},
    {file = "ruff-0.15.1-py3-none-musllinux_1_2_aarch64.whl", hash = "sha256:68138a4ba184b4691ccdc39f7795c66b3c68160c586519e7e8444cf5a53e1b4c"},
    {file = "ruff-0.15.1-py3-none-musllinux_1_2_armv7l.whl", hash = "sha256:518f9af03bfc33c03bdb4cb63fabc935341bb7f54af500f92ac309ecfbba6330"},
    {file = "ruff-0.15.1-py3-none-musllinux_1_2_i686.whl", hash = "sha256:da79f4d6a826caaea95de0237a67e33b81e6ec2e25fc7e1993a4015dffca7c61"},
    {file = "ruff-0.15.1-py3-none-musllinux_1_2_x86_64.whl", hash = "sha256:3dd86dccb83cd7d4dcfac303ffc277e6048600dfc22e38158afa208e8bf94a1f"},
    {file = "ruff-0.15.1-py3-none-win32.whl", hash = "sha256:660975d9cb49b5d5278b12b03bb9951d554543a90b74ed5d366b20e2c57c2098"},
    {file = "ruff-0.15.1-py3-none-win_amd64.whl", hash = "sha256:c820fef9dd5d4172a6570e5721704a96c6679b80cf7be41659ed439653f62336"},
    {file = "ruff-0.15.1-py3-none-win_arm64.whl", hash = "sha256:5ff7d5f0f88567850f45081fac8f4ec212be8d0b963e385c3f7d0d2eb4899416"},
    {file = "ruff-0.15.1.tar.gz", hash = "sha256:c590fe13fb57c97141ae975c03a1aedb3d3156030cabd740d6ff0b0d601e203f"},
]

[[package]]
name = "setuptools"
version = "80.10.2"
requires_python = ">=3.9"
summary = "Easily download, build, install, upgrade, and uninstall Python packages"
groups = ["build"]
files = [
    {file = "setuptools-80.10.2-py3-none-any.whl", hash = "sha256:95b30ddfb717250edb492926c92b5221f7ef3fbcc2b07579bcd4a27da21d0173"},
    {file = "setuptools-80.10.2.tar.gz", hash = "sha256:8b0e9d10c784bf7d262c4e5ec5d4ec94127ce206e8738f29a437945fbc219b70"},
]

[[package]]
name = "shellingham"
version = "1.5.4"
requires_python = ">=3.7"
summary = "Tool to Detect Surrounding Shell"
groups = ["default"]
files = [
    {file = "shellingham-1.5.4-py2.py3-none-any.whl", hash = "sha256:7ecfff8f2fd72616f7481040475a65b2bf8af90a56c89140852d1120324e8686"},
    {file = "shellingham-1.5.4.tar.gz", hash = "sha256:8dbca0739d487e5bd35ab3ca4b36e11c4078f3a234bfce294b0a0291363404de"},
]

[[package]]
name = "shiboken6"
version = "6.10.2"
requires_python = "<3.15,>=3.9"
summary = "Python/C++ bindings helper module"
groups = ["default"]
files = [
    {file = "shiboken6-6.10.2-cp39-abi3-macosx_13_0_universal2.whl", hash = "sha256:3bd4e94e9a3c8c1fa8362fd752d399ef39265d5264e4e37bae61cdaa2a00c8c7"},
    {file = "shiboken6-6.10.2-cp39-abi3-manylinux_2_34_x86_64.whl", hash = "sha256:ace0790032d9cb0adda644b94ee28d59410180d9773643bb6cf8438c361987ad"},
    {file = "shiboken6-6.10.2-cp39-abi3-manylinux_2_39_aarch64.whl", hash = "sha256:f74d3ed1f92658077d0630c39e694eb043aeb1d830a5d275176c45d07147427f"},
    {file = "shiboken6-6.10.2-cp39-abi3-win_amd64.whl", hash = "sha256:10f3c8c5e1b8bee779346f21c10dbc14cff068f0b0b4e62420c82a6bf36ac2e7"},
    {file = "shiboken6-6.10.2-cp39-abi3-win_arm64.whl", hash = "sha256:20c671645d70835af212ee05df60361d734c5305edb2746e9875c6a31283f963"},
]

[[package]]
name = "typer"
version = "0.24.0"
requires_python = ">=3.10"
summary = "Typer, build great CLIs. Easy to code. Based on Python type hints."
groups = ["default"]
dependencies = [
    "annotated-doc>=0.0.2",
    "click>=8.2.1",
    "rich>=12.3.0",
    "shellingham>=1.3.0",
]
files = [
    {file = "typer-0.24.0-py3-none-any.whl", hash = "sha256:5fc435a9c8356f6160ed6e85a6301fdd6e3d8b2851da502050d1f92c5e9eddc8"},
    {file = "typer-0.24.0.tar.gz", hash = "sha256:f9373dc4eff901350694f519f783c29b6d7a110fc0dcc11b1d7e353b85ca6504"},
]

[[package]]
name = "typer"
version = "0.24.0"
extras = ["all"]
requires_python = ">=3.10"
summary = "Typer, build great CLIs. Easy to code. Based on Python type hints."
groups = ["default"]
dependencies = [
    "typer==0.24.0",
]
files = [
    {file = "typer-0.24.0-py3-none-any.whl", hash = "sha256:5fc435a9c8356f6160ed6e85a6301fdd6e3d8b2851da502050d1f92c5e9eddc8"},
    {file = "typer-0.24.0.tar.gz", hash = "sha256:f9373dc4eff901350694f519f783c29b6d7a110fc0dcc11b1d7e353b85ca6504"},
]

[[package]]
name = "typing-extensions"
version = "4.15.0"
requires_python = ">=3.9"
summary = "Backported and Experimental Type Hints for Python 3.9+"
groups = ["default"]
files = [
    {file = "typing_extensions-4.15.0-py3-none-any.whl", hash = "sha256:f0fa19c6845758ab08074a0cfa8b7aecb71c999ca73d62883bc25cc018c4e548"},
    {file = "typing_extensions-4.15.0.tar.gz", hash = "sha256:0cea48d173cc12fa28ecabc3b837ea3cf6f38c6d1136f85cbaaf598984861466"},
]

[[package]]
name = "typing-inspection"
version = "0.4.2"
requires_python = ">=3.9"
summary = "Runtime typing introspection tools"
groups = ["default"]
dependencies = [
    "typing-extensions>=4.12.0",
]
files = [
    {file = "typing_inspection-0.4.2-py3-none-any.whl", hash = "sha256:4ed1cacbdc298c220f1bd249ed5287caa16f34d44ef4e9c3d0cbad5b521545e7"},
    {file = "typing_inspection-0.4.2.tar.gz", hash = "sha256:ba561c48a67c5958007083d386c3295464928b01faa735ab8547c5692e87f464"},
]

[[package]]
name = "userpath"
version = "1.9.2"
requires_python = ">=3.7"
summary = "Cross-platform tool for adding locations to the user PATH"
groups = ["default"]
dependencies = [
    "click",
]
files = [
    {file = "userpath-1.9.2-py3-none-any.whl", hash = "sha256:2cbf01a23d655a1ff8fc166dfb78da1b641d1ceabf0fe5f970767d380b14e89d"},
    {file = "userpath-1.9.2.tar.gz", hash = "sha256:6c52288dab069257cc831846d15d48133522455d4677ee69a9781f11dbefd815"},
]

[[package]]
name = "velopack"
version = "0.0.1369.dev7516"
requires_python = ">=3.8"
summary = "Installer and automatic update framework for cross-platform desktop applications"
groups = ["default"]
files = [
    {file = "velopack-0.0.1369.dev7516-cp37-abi3-macosx_10_12_x86_64.whl", hash = "sha256:414877bf22205c11e276662191905885a59f9a1f6e8d2f4b7f5bc9654abf448f"},
    {file = "velopack-0.0.1369.dev7516-cp37-abi3-macosx_11_0_arm64.whl", hash = "sha256:1188540fe9d8afbbeb82d44969e825eab24b177bb99cdf4265b44db428d2450f"},
    {file = "velopack-0.0.1369.dev7516-cp37-abi3-manylinux_2_17_aarch64.manylinux2014_aarch64.whl", hash = "sha256:66ab86bdb6d5e4b5495bd27aa48aec09d51a7c7ee8553a2fee263b7ccdbfaa3f"},
    {file = "velopack-0.0.1369.dev7516-cp37-abi3-manylinux_2_17_armv7l.manylinux2014_armv7l.whl", hash = "sha256:aad06b05693ef0f5ad4a05352d3dbc3919ce65fe5efa4df0375344f6cd331792"},
    {file = "velopack-0.0.1369.dev7516-cp37-abi3-manylinux_2_17_i686.manylinux2014_i686.whl", hash = "sha256:7aa87f0ed9b9643939b98114bbbb105d318e6142dede77e50c63ee0aa6a45310"},
    {file = "velopack-0.0.1369.dev7516-cp37-abi3-manylinux_2_17_ppc64le.manylinux2014_ppc64le.whl", hash = "sha256:87e58d8faf981ea5643fa9aa94bee37b816195091a72f3b77915d54a2f144fc8"},
    {file = "velopack-0.0.1369.dev7516-cp37-abi3-manylinux_2_17_s390x.manylinux2014_s390x.whl", hash = "sha256:99dad522b9505d18c3409050309a24418ca2bc71b06a67753488c02905581874"},
    {file = "velopack-0.0.1369.dev7516-cp37-abi3-manylinux_2_17_x86_64.manylinux2014_x86_64.whl", hash = "sha256:d476d40f6dc04aa62a4ff1f6a3e70a63fac0651e946ce51a8f6d614d9e4c09c2"},
    {file = "velopack-0.0.1369.dev7516-cp37-abi3-musllinux_1_2_aarch64.whl", hash = "sha256:3c6c8a3f17e1c3cd4152cd41c9ff7ffa845a22fe244ab24be76b9b4f7963dfee"},
    {file = "velopack-0.0.1369.dev7516-cp37-abi3-musllinux_1_2_armv7l.whl", hash = "sha256:86c0b28eda29296955d34e91c7da7776af130ff8eec49772f7eba3984cdf4fb2"},
    {file = "velopack-0.0.1369.dev7516-cp37-abi3-musllinux_1_2_i686.whl", hash = "sha256:66949bcc82d2d63bda6e4576ab9d3b90ab55ea7323581c7693a55131b7aa0c84"},
    {file = "velopack-0.0.1369.dev7516-cp37-abi3-musllinux_1_2_x86_64.whl", hash = "sha256:6047d2f80c559252b093f32311822e7392dbfef3fe5cbf099653c1f5b85c8bf4"},
    {file = "velopack-0.0.1369.dev7516-cp37-abi3-win32.whl", hash = "sha256:fe0da2d522eba0c925a780618695058f943d621704a1312b464ace7bdaab9847"},
    {file = "velopack-0.0.1369.dev7516-cp37-abi3-win_amd64.whl", hash = "sha256:1cfa675600923096d19e31f9368209a676e8eae1410632bef59b140a3521c16b"},
    {file = "velopack-0.0.1369.dev7516-cp37-abi3-win_arm64.whl", hash = "sha256:a8135e422e4fd30c09d89049b927bd6a78bb6f4a724d3888ccd43afe7739d49a"},
    {file = "velopack-0.0.1369.dev7516.tar.gz", hash = "sha256:b8db23570043050c68400742f1cac10c185be3cffb3b378d08761e6f522cdc4a"},
]
